
Microsoft Visual Studio Solution File, Format Version 12.00
# Visual Studio 15
VisualStudioVersion = 15.0.26228.4
MinimumVisualStudioVersion = 10.0.40219.1
Project("{FAE04EC0-301F-11D3-BF4B-00C04F79EFBC}") = "IotApi", "IotApi\IotApi.csproj", "{745EF3BE-D094-4687-A96D-5B06EB7B9125}"
EndProject
Project("{FAE04EC0-301F-11D3-BF4B-00C04F79EFBC}") = "IoT.SharedContracts", "SharedContracts\IoT.SharedContracts.csproj", "{ACB76887-27DD-4AD4-9A6D-87F103BF96E8}"
EndProject
Project("{FAE04EC0-301F-11D3-BF4B-00C04F79EFBC}") = "IoT.Data", "IoT.Data\IoT.Data.csproj", "{3B40A173-06D5-45BC-8900-4DB1AA235FF0}"
EndProject
Project("{FAE04EC0-301F-11D3-BF4B-00C04F79EFBC}") = "Iot.Services", "Iot.Services\Iot.Services.csproj", "{68F0BEDF-5A61-4815-9983-C963416AA607}"
EndProject
Global
	GlobalSection(SolutionConfigurationPlatforms) = preSolution
		Debug|Any CPU = Debug|Any CPU
		Release|Any CPU = Release|Any CPU
	EndGlobalSection
	GlobalSection(ProjectConfigurationPlatforms) = postSolution
		{745EF3BE-D094-4687-A96D-5B06EB7B9125}.Debug|Any CPU.ActiveCfg = Debug|Any CPU
		{745EF3BE-D094-4687-A96D-5B06EB7B9125}.Debug|Any CPU.Build.0 = Debug|Any CPU
		{745EF3BE-D094-4687-A96D-5B06EB7B9125}.Release|Any CPU.ActiveCfg = Release|Any CPU
		{745EF3BE-D094-4687-A96D-5B06EB7B9125}.Release|Any CPU.Build.0 = Release|Any CPU
		{ACB76887-27DD-4AD4-9A6D-87F103BF96E8}.Debug|Any CPU.ActiveCfg = Debug|Any CPU
		{ACB76887-27DD-4AD4-9A6D-87F103BF96E8}.Debug|Any CPU.Build.0 = Debug|Any CPU
		{ACB76887-27DD-4AD4-9A6D-87F103BF96E8}.Release|Any CPU.ActiveCfg = Release|Any CPU
		{ACB76887-27DD-4AD4-9A6D-87F103BF96E8}.Release|Any CPU.Build.0 = Release|Any CPU
		{3B40A173-06D5-45BC-8900-4DB1AA235FF0}.Debug|Any CPU.ActiveCfg = Debug|Any CPU
		{3B40A173-06D5-45BC-8900-4DB1AA235FF0}.Debug|Any CPU.Build.0 = Debug|Any CPU
		{3B40A173-06D5-45BC-8900-4DB1AA235FF0}.Release|Any CPU.ActiveCfg = Release|Any CPU
		{3B40A173-06D5-45BC-8900-4DB1AA235FF0}.Release|Any CPU.Build.0 = Release|Any CPU
		{68F0BEDF-5A61-4815-9983-C963416AA607}.Debug|Any CPU.ActiveCfg = Debug|Any CPU
		{68F0BEDF-5A61-4815-9983-C963416AA607}.Debug|Any CPU.Build.0 = Debug|Any CPU
		{68F0BEDF-5A61-4815-9983-C963416AA607}.Release|Any CPU.ActiveCfg = Release|Any CPU
		{68F0BEDF-5A61-4815-9983-C963416AA607}.Release|Any CPU.Build.0 = Release|Any CPU
	EndGlobalSection
	GlobalSection(SolutionProperties) = preSolution
		HideSolutionNode = FALSE
	EndGlobalSection
EndGlobal
